
Microsoft Visual Studio Solution File, Format Version 12.00
# Visual Studio Version 16
VisualStudioVersion = 16.0.30406.217
MinimumVisualStudioVersion = 10.0.40219.1
Project("{FAE04EC0-301F-11D3-BF4B-00C04F79EFBC}") = "LanguageRehearse", "LanguageRehearse\LanguageRehearse.csproj", "{339755C2-4966-45A0-9C93-1052EB9E05A9}"
EndProject
Global
	GlobalSection(SolutionConfigurationPlatforms) = preSolution
		Debug|Any CPU = Debug|Any CPU
		Release|Any CPU = Release|Any CPU
	EndGlobalSection
	GlobalSection(ProjectConfigurationPlatforms) = postSolution
		{339755C2-4966-45A0-9C93-1052EB9E05A9}.Debug|Any CPU.ActiveCfg = Debug|Any CPU
		{339755C2-4966-45A0-9C93-1052EB9E05A9}.Debug|Any CPU.Build.0 = Debug|Any CPU
		{339755C2-4966-45A0-9C93-1052EB9E05A9}.Release|Any CPU.ActiveCfg = Release|Any CPU
		{339755C2-4966-45A0-9C93-1052EB9E05A9}.Release|Any CPU.Build.0 = Release|Any CPU
	EndGlobalSection
	GlobalSection(SolutionProperties) = preSolution
		HideSolutionNode = FALSE
	EndGlobalSection
	GlobalSection(ExtensibilityGlobals) = postSolution
		SolutionGuid = {2AEE6361-EDF9-4E4E-9F39-8D29F7D665BD}
	EndGlobalSection
EndGlobal
